{
  "version": 4,
  "terraform_version": "0.12.23",
  "serial": 11,
  "lineage": "db74af92-5a58-382a-a6c6-18a60f892dcd",
  "outputs": {},
  "resources": [
    {
      "mode": "managed",
      "type": "google_container_cluster",
      "name": "mypyapp-gke",
      "provider": "provider.google",
      "instances": [
        {
          "schema_version": 1,
          "attributes": {
            "additional_zones": [],
            "addons_config": [
              {
                "horizontal_pod_autoscaling": [],
                "http_load_balancing": [],
                "kubernetes_dashboard": [],
                "network_policy_config": [
                  {
                    "disabled": true
                  }
                ]
              }
            ],
            "authenticator_groups_config": [],
            "cluster_autoscaling": [
              {
                "auto_provisioning_defaults": [],
                "enabled": false,
                "resource_limits": []
              }
            ],
            "cluster_ipv4_cidr": "10.20.0.0/14",
            "default_max_pods_per_node": 110,
            "description": "",
            "enable_binary_authorization": false,
            "enable_intranode_visibility": null,
            "enable_kubernetes_alpha": false,
            "enable_legacy_abac": false,
            "enable_tpu": null,
            "endpoint": "35.239.84.254",
            "id": "projects/everischallenge/locations/us-central1-a/clusters/mypyapp-gkecluster",
            "initial_node_count": 1,
            "instance_group_urls": [],
            "ip_allocation_policy": [],
            "label_fingerprint": "a9dc16a7",
            "location": "us-central1-a",
            "logging_service": "logging.googleapis.com/kubernetes",
            "maintenance_policy": [],
            "master_auth": [
              {
                "client_certificate": "",
                "client_certificate_config": [
                  {
                    "issue_client_certificate": false
                  }
                ],
                "client_key": "",
                "cluster_ca_certificate": "LS0tLS1CRUdJTiBDRVJUSUZJQ0FURS0tLS0tCk1JSURERENDQWZTZ0F3SUJBZ0lSQUxnbmowcVBLOUpEdGhQcGdBUEJWclV3RFFZSktvWklodmNOQVFFTEJRQXcKTHpFdE1Dc0dBMVVFQXhNa01tVXlNelk0TnpjdE1EUXhOUzAwT1RObExXRmtPVGN0TWpaaU1qQm1OVEprTlRaaQpNQjRYRFRJd01ETXdPVEUyTVRBeU5Gb1hEVEkxTURNd09ERTNNVEF5TkZvd0x6RXRNQ3NHQTFVRUF4TWtNbVV5Ck16WTROemN0TURReE5TMDBPVE5sTFdGa09UY3RNalppTWpCbU5USmtOVFppTUlJQklqQU5CZ2txaGtpRzl3MEIKQVFFRkFBT0NBUThBTUlJQkNnS0NBUUVBclR0bXJ4blJtVzFTekVqS09mS2ltUWJPQjRtQjNBdUFWSGgvYWFBSwp0ZEVDUS9MQkh6OWZBeFVodGQvZElPZnYzN3lYZm93dUdWRWFwVGtoekl5NlZsOGhqeG1Yakk0NVlnUEtBR3ZICk1sOWhXT1N1NVIzeXN3emlzTldKbzBsK0Y4Z3RsZUlWOUVPY0hCNTk5elQ2TWsyN3BPNmh3L0ZVeWJMTThxVVcKUkJ5ektsWWhzRW9BbUNRZ1JhdmJoY1dkQ3c2ZWxrcFVqaWJNRTBMK2ozU3g4VzlyRWNJbEczMFg2Ymc3Z0IxdAo5T0pKbk5ubktKOW02c2t1NGtNOUwwWGRJNjJhcmg3S2tpLyttUTlFWTBidE5saEhWcUJod3pGRXBNYkFBNkp2Cmptc1AvbWxUNEowdmE1Um1SVW0xQkFmNk5BSjBTMmdhay9OUlhVbVlqME5pcHdJREFRQUJveU13SVRBT0JnTlYKSFE4QkFmOEVCQU1DQWdRd0R3WURWUjBUQVFIL0JBVXdBd0VCL3pBTkJna3Foa2lHOXcwQkFRc0ZBQU9DQVFFQQpLZGF1R0ZEMlQrV2JGNE9HRHVocU9GVWNHL0l2aVRmWEZ2MmJ3MDlhSUdUOFB0emtaY0pabTJmWjJ1b3puUWtuClljRkVqQzczeTZibEtVcWdQMGgyWXk2cEgrdWtOd3VyZzBzaVNyMnd1dXJOS1cwSHFTaHFmSzNvM3RmNm1PQUsKMjFqZUw5cjJ4TDNDRFpUdEVBTHQ1MlVPbUl1RGRWTVBDYzBGMTk3Z3VTVjA1UWlxQTBWNk9JekcwNGNyekpSSAo5d21aVUJONTBMcmZTcmFseUtRYnJTVHVBSkx3YWNoVzUrbDU2WkJ3WVFkMjdsZDRyK3hkNXdBZ0lQUCtzMmg3CmRSbXpLd3ovb0dxRWtnVkF3eHkweE13OVN2SW9DYXoweGdZK0pmL3BsVS9MeWQ0bmlQVmEwc3g4WEhRb05rTSsKaEJOSHhHWThyVWczRzNzbnovbWRndz09Ci0tLS0tRU5EIENFUlRJRklDQVRFLS0tLS0K",
                "password": "",
                "username": ""
              }
            ],
            "master_authorized_networks_config": [],
            "master_version": "1.14.10-gke.17",
            "min_master_version": null,
            "monitoring_service": "monitoring.googleapis.com/kubernetes",
            "name": "mypyapp-gkecluster",
            "network": "projects/everischallenge/global/networks/default",
            "network_policy": [
              {
                "enabled": false,
                "provider": "PROVIDER_UNSPECIFIED"
              }
            ],
            "node_config": [],
            "node_locations": [],
            "node_pool": [],
            "node_version": "1.14.10-gke.17",
            "operation": null,
            "pod_security_policy_config": null,
            "private_cluster_config": [],
            "project": "everischallenge",
            "region": null,
            "remove_default_node_pool": true,
            "resource_labels": null,
            "services_ipv4_cidr": "10.23.240.0/20",
            "subnetwork": "projects/everischallenge/regions/us-central1/subnetworks/default",
            "timeouts": null,
            "vertical_pod_autoscaling": [],
            "zone": null
          },
          "private": "eyJlMmJmYjczMC1lY2FhLTExZTYtOGY4OC0zNDM2M2JjN2M0YzAiOnsiY3JlYXRlIjoyNDAwMDAwMDAwMDAwLCJkZWxldGUiOjI0MDAwMDAwMDAwMDAsInVwZGF0ZSI6MzYwMDAwMDAwMDAwMH0sInNjaGVtYV92ZXJzaW9uIjoiMSJ9"
        }
      ]
    },
    {
      "mode": "managed",
      "type": "google_container_node_pool",
      "name": "node_pool",
      "provider": "provider.google",
      "instances": [
        {
          "schema_version": 1,
          "attributes": {
            "autoscaling": [],
            "cluster": "mypyapp-gkecluster",
            "id": "projects/everischallenge/locations/us-central1-a/clusters/mypyapp-gkecluster/nodePools/mypyapp-node-pool",
            "initial_node_count": 1,
            "instance_group_urls": [
              "https://www.googleapis.com/compute/v1/projects/everischallenge/zones/us-central1-a/instanceGroupManagers/gke-mypyapp-gkeclust-mypyapp-node-poo-eb0b0d48-grp"
            ],
            "location": "us-central1-a",
            "management": [
              {
                "auto_repair": false,
                "auto_upgrade": true
              }
            ],
            "max_pods_per_node": null,
            "name": "mypyapp-node-pool",
            "name_prefix": "",
            "node_config": [
              {
                "disk_size_gb": 100,
                "disk_type": "pd-standard",
                "guest_accelerator": [],
                "image_type": "COS",
                "labels": {},
                "local_ssd_count": 0,
                "machine_type": "n1-standard-1",
                "metadata": {
                  "disable-legacy-endpoints": "true"
                },
                "min_cpu_platform": "",
                "oauth_scopes": [
                  "https://www.googleapis.com/auth/logging.write",
                  "https://www.googleapis.com/auth/monitoring"
                ],
                "preemptible": false,
                "sandbox_config": [],
                "service_account": "default",
                "shielded_instance_config": [
                  {
                    "enable_integrity_monitoring": true,
                    "enable_secure_boot": false
                  }
                ],
                "tags": null,
                "taint": [],
                "workload_metadata_config": []
              }
            ],
            "node_count": 1,
            "project": "everischallenge",
            "region": null,
            "timeouts": null,
            "version": "1.14.10-gke.17",
            "zone": null
          },
          "private": "eyJlMmJmYjczMC1lY2FhLTExZTYtOGY4OC0zNDM2M2JjN2M0YzAiOnsiY3JlYXRlIjoxODAwMDAwMDAwMDAwLCJkZWxldGUiOjE4MDAwMDAwMDAwMDAsInVwZGF0ZSI6MTgwMDAwMDAwMDAwMH0sInNjaGVtYV92ZXJzaW9uIjoiMSJ9",
          "dependencies": [
            "google_container_cluster.mypyapp-gke"
          ]
        }
      ]
    }
  ]
}
